
Microsoft Visual Studio Solution File, Format Version 12.00
# Visual Studio 14
VisualStudioVersion = 14.0.23107.0
MinimumVisualStudioVersion = 10.0.40219.1
Project("{FAE04EC0-301F-11D3-BF4B-00C04F79EFBC}") = "Acr.Support.Android", "Acr.Support.Android\Acr.Support.Android.csproj", "{AF218BB3-9094-4E39-9FD7-2F529E90EA38}"
EndProject
Project("{FAE04EC0-301F-11D3-BF4B-00C04F79EFBC}") = "Acr.Support.iOS", "Acr.Support.iOS\Acr.Support.iOS.csproj", "{F60B7D62-FE06-4C1D-9BB5-1C0B72044039}"
EndProject
Project("{2150E333-8FDC-42A3-9474-1A3956D46DE8}") = "nuspec", "nuspec", "{6BC3A1ED-06BB-4888-9AFA-0902DEBDBFA7}"
	ProjectSection(SolutionItems) = preProject
		nuspec\Acr.Support.nuspec = nuspec\Acr.Support.nuspec
		nuspec\nuget.exe = nuspec\nuget.exe
		nuspec\pack.cmd = nuspec\pack.cmd
		nuspec\push.cmd = nuspec\push.cmd
	EndProjectSection
EndProject
Global
	GlobalSection(SolutionConfigurationPlatforms) = preSolution
		Debug|Any CPU = Debug|Any CPU
		Release|Any CPU = Release|Any CPU
	EndGlobalSection
	GlobalSection(ProjectConfigurationPlatforms) = postSolution
		{AF218BB3-9094-4E39-9FD7-2F529E90EA38}.Debug|Any CPU.ActiveCfg = Debug|Any CPU
		{AF218BB3-9094-4E39-9FD7-2F529E90EA38}.Debug|Any CPU.Build.0 = Debug|Any CPU
		{AF218BB3-9094-4E39-9FD7-2F529E90EA38}.Release|Any CPU.ActiveCfg = Release|Any CPU
		{AF218BB3-9094-4E39-9FD7-2F529E90EA38}.Release|Any CPU.Build.0 = Release|Any CPU
		{F60B7D62-FE06-4C1D-9BB5-1C0B72044039}.Debug|Any CPU.ActiveCfg = Debug|Any CPU
		{F60B7D62-FE06-4C1D-9BB5-1C0B72044039}.Debug|Any CPU.Build.0 = Debug|Any CPU
		{F60B7D62-FE06-4C1D-9BB5-1C0B72044039}.Release|Any CPU.ActiveCfg = Release|Any CPU
		{F60B7D62-FE06-4C1D-9BB5-1C0B72044039}.Release|Any CPU.Build.0 = Release|Any CPU
	EndGlobalSection
	GlobalSection(SolutionProperties) = preSolution
		HideSolutionNode = FALSE
	EndGlobalSection
EndGlobal
